// !$*UTF8*$!
{
	archiveVersion = 1;
	classes = {
	};
	objectVersion = 46;
	objects = {

/* Begin PBXBuildFile section */
		E91B1F121972EAB600917090 /* STRDataManager.m in Sources */ = {isa = PBXBuildFile; fileRef = E91B1F111972EAB600917090 /* STRDataManager.m */; };
		E92783841978246300A57E93 /* STRAsyncImageDownloader.m in Sources */ = {isa = PBXBuildFile; fileRef = E92783831978246300A57E93 /* STRAsyncImageDownloader.m */; };
		E93F797019758800004D813A /* ReportImage.m in Sources */ = {isa = PBXBuildFile; fileRef = E93F796F19758800004D813A /* ReportImage.m */; };
		E94F6912197ABF35000D1489 /* Report.m in Sources */ = {isa = PBXBuildFile; fileRef = E94F6911197ABF35000D1489 /* Report.m */; };
		E96ED36D1970F3EE005F6011 /* STRReportTableViewCell.m in Sources */ = {isa = PBXBuildFile; fileRef = E96ED36C1970F3EE005F6011 /* STRReportTableViewCell.m */; };
		E979B8471970486500DD6637 /* STRReportTableViewController.m in Sources */ = {isa = PBXBuildFile; fileRef = E979B8461970486500DD6637 /* STRReportTableViewController.m */; };
		E97FF11A1966EDFB004C6F09 /* Foundation.framework in Frameworks */ = {isa = PBXBuildFile; fileRef = E97FF1191966EDFB004C6F09 /* Foundation.framework */; };
		E97FF11C1966EDFB004C6F09 /* CoreGraphics.framework in Frameworks */ = {isa = PBXBuildFile; fileRef = E97FF11B1966EDFB004C6F09 /* CoreGraphics.framework */; };
		E97FF11E1966EDFB004C6F09 /* UIKit.framework in Frameworks */ = {isa = PBXBuildFile; fileRef = E97FF11D1966EDFB004C6F09 /* UIKit.framework */; };
		E97FF1241966EDFB004C6F09 /* InfoPlist.strings in Resources */ = {isa = PBXBuildFile; fileRef = E97FF1221966EDFB004C6F09 /* InfoPlist.strings */; };
		E97FF1261966EDFB004C6F09 /* main.m in Sources */ = {isa = PBXBuildFile; fileRef = E97FF1251966EDFB004C6F09 /* main.m */; };
		E97FF12A1966EDFB004C6F09 /* STRAppDelegate.m in Sources */ = {isa = PBXBuildFile; fileRef = E97FF1291966EDFB004C6F09 /* STRAppDelegate.m */; };
		E97FF12D1966EDFB004C6F09 /* Main.storyboard in Resources */ = {isa = PBXBuildFile; fileRef = E97FF12B1966EDFB004C6F09 /* Main.storyboard */; };
		E97FF1301966EDFB004C6F09 /* STRViewController.m in Sources */ = {isa = PBXBuildFile; fileRef = E97FF12F1966EDFB004C6F09 /* STRViewController.m */; };
		E97FF1321966EDFB004C6F09 /* Images.xcassets in Resources */ = {isa = PBXBuildFile; fileRef = E97FF1311966EDFB004C6F09 /* Images.xcassets */; };
		E97FF1391966EDFB004C6F09 /* XCTest.framework in Frameworks */ = {isa = PBXBuildFile; fileRef = E97FF1381966EDFB004C6F09 /* XCTest.framework */; };
		E97FF13A1966EDFB004C6F09 /* Foundation.framework in Frameworks */ = {isa = PBXBuildFile; fileRef = E97FF1191966EDFB004C6F09 /* Foundation.framework */; };
		E97FF13B1966EDFB004C6F09 /* UIKit.framework in Frameworks */ = {isa = PBXBuildFile; fileRef = E97FF11D1966EDFB004C6F09 /* UIKit.framework */; };
		E97FF1431966EDFB004C6F09 /* InfoPlist.strings in Resources */ = {isa = PBXBuildFile; fileRef = E97FF1411966EDFB004C6F09 /* InfoPlist.strings */; };
		E97FF1451966EDFB004C6F09 /* ReportTests.m in Sources */ = {isa = PBXBuildFile; fileRef = E97FF1441966EDFB004C6F09 /* ReportTests.m */; };
		E9801BFC196ED4A80048C5E5 /* Model.xcdatamodeld in Sources */ = {isa = PBXBuildFile; fileRef = E9801BFA196ED4A80048C5E5 /* Model.xcdatamodeld */; };
		E9801BFF196EDACF0048C5E5 /* STRReportViewController.m in Sources */ = {isa = PBXBuildFile; fileRef = E9801BFE196EDACF0048C5E5 /* STRReportViewController.m */; };
		E9801C02196EDC7B0048C5E5 /* STREditArticleViewController.m in Sources */ = {isa = PBXBuildFile; fileRef = E9801C01196EDC7B0048C5E5 /* STREditArticleViewController.m */; };
		E9801C05196EDCD00048C5E5 /* STREditImagesViewController.m in Sources */ = {isa = PBXBuildFile; fileRef = E9801C04196EDCD00048C5E5 /* STREditImagesViewController.m */; };
		E9801C2C196EEAC00048C5E5 /* CoreData.framework in Frameworks */ = {isa = PBXBuildFile; fileRef = E9801C2B196EEAC00048C5E5 /* CoreData.framework */; };
		E98DC06419762F4000BB47B6 /* Report+Description.m in Sources */ = {isa = PBXBuildFile; fileRef = E98DC06319762F4000BB47B6 /* Report+Description.m */; };
		E99754841968DF21006B602C /* GTLObject.m in Sources */ = {isa = PBXBuildFile; fileRef = E99754731968DF21006B602C /* GTLObject.m */; settings = {COMPILER_FLAGS = "-fno-objc-arc"; }; };
		E99754851968DF21006B602C /* GTLQuery.m in Sources */ = {isa = PBXBuildFile; fileRef = E99754751968DF21006B602C /* GTLQuery.m */; settings = {COMPILER_FLAGS = "-fno-objc-arc"; }; };
		E99754861968DF21006B602C /* GTLBatchQuery.m in Sources */ = {isa = PBXBuildFile; fileRef = E99754771968DF21006B602C /* GTLBatchQuery.m */; settings = {COMPILER_FLAGS = "-fno-objc-arc"; }; };
		E99754871968DF21006B602C /* GTLService.m in Sources */ = {isa = PBXBuildFile; fileRef = E99754791968DF21006B602C /* GTLService.m */; settings = {COMPILER_FLAGS = "-fno-objc-arc"; }; };
		E99754881968DF21006B602C /* GTLBatchResult.m in Sources */ = {isa = PBXBuildFile; fileRef = E997547B1968DF21006B602C /* GTLBatchResult.m */; settings = {COMPILER_FLAGS = "-fno-objc-arc"; }; };
		E99754891968DF21006B602C /* GTLUploadParameters.m in Sources */ = {isa = PBXBuildFile; fileRef = E997547D1968DF21006B602C /* GTLUploadParameters.m */; settings = {COMPILER_FLAGS = "-fno-objc-arc"; }; };
		E997548A1968DF21006B602C /* GTLDateTime.m in Sources */ = {isa = PBXBuildFile; fileRef = E997547F1968DF21006B602C /* GTLDateTime.m */; settings = {COMPILER_FLAGS = "-fno-objc-arc"; }; };
		E997548B1968DF21006B602C /* GTLErrorObject.m in Sources */ = {isa = PBXBuildFile; fileRef = E99754811968DF21006B602C /* GTLErrorObject.m */; settings = {COMPILER_FLAGS = "-fno-objc-arc"; }; };
		E997548C1968DF21006B602C /* GTLRuntimeCommon.m in Sources */ = {isa = PBXBuildFile; fileRef = E99754831968DF21006B602C /* GTLRuntimeCommon.m */; settings = {COMPILER_FLAGS = "-fno-objc-arc"; }; };
		E99754971968DF3A006B602C /* GTLFramework.m in Sources */ = {isa = PBXBuildFile; fileRef = E997548F1968DF3A006B602C /* GTLFramework.m */; settings = {COMPILER_FLAGS = "-fno-objc-arc"; }; };
		E99754981968DF3A006B602C /* GTLJSONParser.m in Sources */ = {isa = PBXBuildFile; fileRef = E99754911968DF3A006B602C /* GTLJSONParser.m */; settings = {COMPILER_FLAGS = "-fno-objc-arc"; }; };
		E99754991968DF3A006B602C /* GTLUtilities.m in Sources */ = {isa = PBXBuildFile; fileRef = E99754941968DF3A006B602C /* GTLUtilities.m */; settings = {COMPILER_FLAGS = "-fno-objc-arc"; }; };
		E997549A1968DF3A006B602C /* GTLBase64.m in Sources */ = {isa = PBXBuildFile; fileRef = E99754961968DF3A006B602C /* GTLBase64.m */; settings = {COMPILER_FLAGS = "-fno-objc-arc"; }; };
		E99754AC1968DF5D006B602C /* GTMHTTPFetcherService.m in Sources */ = {isa = PBXBuildFile; fileRef = E997549D1968DF5D006B602C /* GTMHTTPFetcherService.m */; settings = {COMPILER_FLAGS = "-fno-objc-arc"; }; };
		E99754AD1968DF5D006B602C /* GTMHTTPFetcher.m in Sources */ = {isa = PBXBuildFile; fileRef = E997549F1968DF5D006B602C /* GTMHTTPFetcher.m */; settings = {COMPILER_FLAGS = "-fno-objc-arc"; }; };
		E99754AE1968DF5D006B602C /* GTMHTTPFetcherLogging.m in Sources */ = {isa = PBXBuildFile; fileRef = E99754A11968DF5D006B602C /* GTMHTTPFetcherLogging.m */; settings = {COMPILER_FLAGS = "-fno-objc-arc"; }; };
		E99754AF1968DF5D006B602C /* GTMHTTPFetchHistory.m in Sources */ = {isa = PBXBuildFile; fileRef = E99754A31968DF5D006B602C /* GTMHTTPFetchHistory.m */; settings = {COMPILER_FLAGS = "-fno-objc-arc"; }; };
		E99754B01968DF5D006B602C /* GTMHTTPUploadFetcher.m in Sources */ = {isa = PBXBuildFile; fileRef = E99754A51968DF5D006B602C /* GTMHTTPUploadFetcher.m */; settings = {COMPILER_FLAGS = "-fno-objc-arc"; }; };
		E99754B11968DF5D006B602C /* GTMGatherInputStream.m in Sources */ = {isa = PBXBuildFile; fileRef = E99754A71968DF5D006B602C /* GTMGatherInputStream.m */; settings = {COMPILER_FLAGS = "-fno-objc-arc"; }; };
		E99754B21968DF5D006B602C /* GTMMIMEDocument.m in Sources */ = {isa = PBXBuildFile; fileRef = E99754A91968DF5D006B602C /* GTMMIMEDocument.m */; settings = {COMPILER_FLAGS = "-fno-objc-arc"; }; };
		E99754B31968DF5D006B602C /* GTMReadMonitorInputStream.m in Sources */ = {isa = PBXBuildFile; fileRef = E99754AB1968DF5D006B602C /* GTMReadMonitorInputStream.m */; settings = {COMPILER_FLAGS = "-fno-objc-arc"; }; };
		E99754B91968DF76006B602C /* GTMOAuth2Authentication.m in Sources */ = {isa = PBXBuildFile; fileRef = E99754B61968DF76006B602C /* GTMOAuth2Authentication.m */; settings = {COMPILER_FLAGS = "-fno-objc-arc"; }; };
		E99754BA1968DF76006B602C /* GTMOAuth2SignIn.m in Sources */ = {isa = PBXBuildFile; fileRef = E99754B81968DF76006B602C /* GTMOAuth2SignIn.m */; settings = {COMPILER_FLAGS = "-fno-objc-arc"; }; };
		E99754BF1968DF85006B602C /* GTMOAuth2ViewControllerTouch.m in Sources */ = {isa = PBXBuildFile; fileRef = E99754BD1968DF85006B602C /* GTMOAuth2ViewControllerTouch.m */; settings = {COMPILER_FLAGS = "-fno-objc-arc"; }; };
		E99754C01968DF85006B602C /* GTMOAuth2ViewTouch.xib in Resources */ = {isa = PBXBuildFile; fileRef = E99754BE1968DF85006B602C /* GTMOAuth2ViewTouch.xib */; };
		E99754CD1968E118006B602C /* GTLQueryStatus.m in Sources */ = {isa = PBXBuildFile; fileRef = E99754C41968E118006B602C /* GTLQueryStatus.m */; };
		E99754CE1968E118006B602C /* GTLServiceStatus.m in Sources */ = {isa = PBXBuildFile; fileRef = E99754C61968E118006B602C /* GTLServiceStatus.m */; };
		E99754D01968E118006B602C /* GTLStatusConstants.m in Sources */ = {isa = PBXBuildFile; fileRef = E99754CA1968E118006B602C /* GTLStatusConstants.m */; };
		E99754D11968E118006B602C /* GTLStatusStatus.m in Sources */ = {isa = PBXBuildFile; fileRef = E99754CC1968E118006B602C /* GTLStatusStatus.m */; };
/* End PBXBuildFile section */

/* Begin PBXContainerItemProxy section */
		E97FF13C1966EDFB004C6F09 /* PBXContainerItemProxy */ = {
			isa = PBXContainerItemProxy;
			containerPortal = E97FF10E1966EDFB004C6F09 /* Project object */;
			proxyType = 1;
			remoteGlobalIDString = E97FF1151966EDFB004C6F09;
			remoteInfo = Report;
		};
/* End PBXContainerItemProxy section */

/* Begin PBXFileReference section */
		E91B1F101972EAB600917090 /* STRDataManager.h */ = {isa = PBXFileReference; fileEncoding = 4; lastKnownFileType = sourcecode.c.h; path = STRDataManager.h; sourceTree = "<group>"; };
		E91B1F111972EAB600917090 /* STRDataManager.m */ = {isa = PBXFileReference; fileEncoding = 4; lastKnownFileType = sourcecode.c.objc; path = STRDataManager.m; sourceTree = "<group>"; };
		E92783821978246300A57E93 /* STRAsyncImageDownloader.h */ = {isa = PBXFileReference; fileEncoding = 4; lastKnownFileType = sourcecode.c.h; path = STRAsyncImageDownloader.h; sourceTree = "<group>"; };
		E92783831978246300A57E93 /* STRAsyncImageDownloader.m */ = {isa = PBXFileReference; fileEncoding = 4; lastKnownFileType = sourcecode.c.objc; path = STRAsyncImageDownloader.m; sourceTree = "<group>"; };
		E93F796E19758800004D813A /* ReportImage.h */ = {isa = PBXFileReference; fileEncoding = 4; lastKnownFileType = sourcecode.c.h; path = ReportImage.h; sourceTree = "<group>"; };
		E93F796F19758800004D813A /* ReportImage.m */ = {isa = PBXFileReference; fileEncoding = 4; lastKnownFileType = sourcecode.c.objc; path = ReportImage.m; sourceTree = "<group>"; };
		E94F6910197ABF35000D1489 /* Report.h */ = {isa = PBXFileReference; fileEncoding = 4; lastKnownFileType = sourcecode.c.h; path = Report.h; sourceTree = "<group>"; };
		E94F6911197ABF35000D1489 /* Report.m */ = {isa = PBXFileReference; fileEncoding = 4; lastKnownFileType = sourcecode.c.objc; path = Report.m; sourceTree = "<group>"; };
		E95707521976872200C41CF5 /* entity.h */ = {isa = PBXFileReference; lastKnownFileType = sourcecode.c.h; path = entity.h; sourceTree = "<group>"; };
		E96ED36B1970F3EE005F6011 /* STRReportTableViewCell.h */ = {isa = PBXFileReference; fileEncoding = 4; lastKnownFileType = sourcecode.c.h; path = STRReportTableViewCell.h; sourceTree = "<group>"; };
		E96ED36C1970F3EE005F6011 /* STRReportTableViewCell.m */ = {isa = PBXFileReference; fileEncoding = 4; lastKnownFileType = sourcecode.c.objc; path = STRReportTableViewCell.m; sourceTree = "<group>"; };
		E979B8451970486500DD6637 /* STRReportTableViewController.h */ = {isa = PBXFileReference; fileEncoding = 4; lastKnownFileType = sourcecode.c.h; path = STRReportTableViewController.h; sourceTree = "<group>"; };
		E979B8461970486500DD6637 /* STRReportTableViewController.m */ = {isa = PBXFileReference; fileEncoding = 4; lastKnownFileType = sourcecode.c.objc; path = STRReportTableViewController.m; sourceTree = "<group>"; };
		E97FF1161966EDFB004C6F09 /* Report.app */ = {isa = PBXFileReference; explicitFileType = wrapper.application; includeInIndex = 0; path = Report.app; sourceTree = BUILT_PRODUCTS_DIR; };
		E97FF1191966EDFB004C6F09 /* Foundation.framework */ = {isa = PBXFileReference; lastKnownFileType = wrapper.framework; name = Foundation.framework; path = System/Library/Frameworks/Foundation.framework; sourceTree = SDKROOT; };
		E97FF11B1966EDFB004C6F09 /* CoreGraphics.framework */ = {isa = PBXFileReference; lastKnownFileType = wrapper.framework; name = CoreGraphics.framework; path = System/Library/Frameworks/CoreGraphics.framework; sourceTree = SDKROOT; };
		E97FF11D1966EDFB004C6F09 /* UIKit.framework */ = {isa = PBXFileReference; lastKnownFileType = wrapper.framework; name = UIKit.framework; path = System/Library/Frameworks/UIKit.framework; sourceTree = SDKROOT; };
		E97FF1211966EDFB004C6F09 /* Report-Info.plist */ = {isa = PBXFileReference; lastKnownFileType = text.plist.xml; path = "Report-Info.plist"; sourceTree = "<group>"; };
		E97FF1231966EDFB004C6F09 /* en */ = {isa = PBXFileReference; lastKnownFileType = text.plist.strings; name = en; path = en.lproj/InfoPlist.strings; sourceTree = "<group>"; };
		E97FF1251966EDFB004C6F09 /* main.m */ = {isa = PBXFileReference; lastKnownFileType = sourcecode.c.objc; path = main.m; sourceTree = "<group>"; };
		E97FF1271966EDFB004C6F09 /* Report-Prefix.pch */ = {isa = PBXFileReference; lastKnownFileType = sourcecode.c.h; path = "Report-Prefix.pch"; sourceTree = "<group>"; };
		E97FF1281966EDFB004C6F09 /* STRAppDelegate.h */ = {isa = PBXFileReference; lastKnownFileType = sourcecode.c.h; path = STRAppDelegate.h; sourceTree = "<group>"; };
		E97FF1291966EDFB004C6F09 /* STRAppDelegate.m */ = {isa = PBXFileReference; lastKnownFileType = sourcecode.c.objc; path = STRAppDelegate.m; sourceTree = "<group>"; };
		E97FF12C1966EDFB004C6F09 /* Base */ = {isa = PBXFileReference; lastKnownFileType = file.storyboard; name = Base; path = Base.lproj/Main.storyboard; sourceTree = "<group>"; };
		E97FF12E1966EDFB004C6F09 /* STRViewController.h */ = {isa = PBXFileReference; lastKnownFileType = sourcecode.c.h; name = STRViewController.h; path = ../STRViewController.h; sourceTree = "<group>"; };
		E97FF12F1966EDFB004C6F09 /* STRViewController.m */ = {isa = PBXFileReference; lastKnownFileType = sourcecode.c.objc; name = STRViewController.m; path = ../STRViewController.m; sourceTree = "<group>"; };
		E97FF1311966EDFB004C6F09 /* Images.xcassets */ = {isa = PBXFileReference; lastKnownFileType = folder.assetcatalog; path = Images.xcassets; sourceTree = "<group>"; };
		E97FF1371966EDFB004C6F09 /* ReportTests.xctest */ = {isa = PBXFileReference; explicitFileType = wrapper.cfbundle; includeInIndex = 0; path = ReportTests.xctest; sourceTree = BUILT_PRODUCTS_DIR; };
		E97FF1381966EDFB004C6F09 /* XCTest.framework */ = {isa = PBXFileReference; lastKnownFileType = wrapper.framework; name = XCTest.framework; path = Library/Frameworks/XCTest.framework; sourceTree = DEVELOPER_DIR; };
		E97FF1401966EDFB004C6F09 /* ReportTests-Info.plist */ = {isa = PBXFileReference; lastKnownFileType = text.plist.xml; path = "ReportTests-Info.plist"; sourceTree = "<group>"; };
		E97FF1421966EDFB004C6F09 /* en */ = {isa = PBXFileReference; lastKnownFileType = text.plist.strings; name = en; path = en.lproj/InfoPlist.strings; sourceTree = "<group>"; };
		E97FF1441966EDFB004C6F09 /* ReportTests.m */ = {isa = PBXFileReference; lastKnownFileType = sourcecode.c.objc; path = ReportTests.m; sourceTree = "<group>"; };
		E9801BFB196ED4A80048C5E5 /* Model.xcdatamodel */ = {isa = PBXFileReference; lastKnownFileType = wrapper.xcdatamodel; path = Model.xcdatamodel; sourceTree = "<group>"; };
		E9801BFD196EDACF0048C5E5 /* STRReportViewController.h */ = {isa = PBXFileReference; fileEncoding = 4; lastKnownFileType = sourcecode.c.h; path = STRReportViewController.h; sourceTree = "<group>"; };
		E9801BFE196EDACF0048C5E5 /* STRReportViewController.m */ = {isa = PBXFileReference; fileEncoding = 4; lastKnownFileType = sourcecode.c.objc; path = STRReportViewController.m; sourceTree = "<group>"; };
		E9801C00196EDC7B0048C5E5 /* STREditArticleViewController.h */ = {isa = PBXFileReference; fileEncoding = 4; lastKnownFileType = sourcecode.c.h; path = STREditArticleViewController.h; sourceTree = "<group>"; };
		E9801C01196EDC7B0048C5E5 /* STREditArticleViewController.m */ = {isa = PBXFileReference; fileEncoding = 4; lastKnownFileType = sourcecode.c.objc; path = STREditArticleViewController.m; sourceTree = "<group>"; };
		E9801C03196EDCD00048C5E5 /* STREditImagesViewController.h */ = {isa = PBXFileReference; fileEncoding = 4; lastKnownFileType = sourcecode.c.h; path = STREditImagesViewController.h; sourceTree = "<group>"; };
		E9801C04196EDCD00048C5E5 /* STREditImagesViewController.m */ = {isa = PBXFileReference; fileEncoding = 4; lastKnownFileType = sourcecode.c.objc; path = STREditImagesViewController.m; sourceTree = "<group>"; };
		E9801C2B196EEAC00048C5E5 /* CoreData.framework */ = {isa = PBXFileReference; lastKnownFileType = wrapper.framework; name = CoreData.framework; path = System/Library/Frameworks/CoreData.framework; sourceTree = SDKROOT; };
		E98DC06219762F4000BB47B6 /* Report+Description.h */ = {isa = PBXFileReference; fileEncoding = 4; lastKnownFileType = sourcecode.c.h; path = "Report+Description.h"; sourceTree = "<group>"; };
		E98DC06319762F4000BB47B6 /* Report+Description.m */ = {isa = PBXFileReference; fileEncoding = 4; lastKnownFileType = sourcecode.c.objc; path = "Report+Description.m"; sourceTree = "<group>"; };
		E98DC0651976769F00BB47B6 /* constants.h */ = {isa = PBXFileReference; lastKnownFileType = sourcecode.c.h; path = constants.h; sourceTree = "<group>"; };
		E99754701968DEDE006B602C /* GTLDefines.h */ = {isa = PBXFileReference; lastKnownFileType = sourcecode.c.h; path = GTLDefines.h; sourceTree = "<group>"; };
		E99754721968DF21006B602C /* GTLObject.h */ = {isa = PBXFileReference; fileEncoding = 4; lastKnownFileType = sourcecode.c.h; path = GTLObject.h; sourceTree = "<group>"; };
		E99754731968DF21006B602C /* GTLObject.m */ = {isa = PBXFileReference; fileEncoding = 4; lastKnownFileType = sourcecode.c.objc; path = GTLObject.m; sourceTree = "<group>"; };
		E99754741968DF21006B602C /* GTLQuery.h */ = {isa = PBXFileReference; fileEncoding = 4; lastKnownFileType = sourcecode.c.h; path = GTLQuery.h; sourceTree = "<group>"; };
		E99754751968DF21006B602C /* GTLQuery.m */ = {isa = PBXFileReference; fileEncoding = 4; lastKnownFileType = sourcecode.c.objc; path = GTLQuery.m; sourceTree = "<group>"; };
		E99754761968DF21006B602C /* GTLBatchQuery.h */ = {isa = PBXFileReference; fileEncoding = 4; lastKnownFileType = sourcecode.c.h; path = GTLBatchQuery.h; sourceTree = "<group>"; };
		E99754771968DF21006B602C /* GTLBatchQuery.m */ = {isa = PBXFileReference; fileEncoding = 4; lastKnownFileType = sourcecode.c.objc; path = GTLBatchQuery.m; sourceTree = "<group>"; };
		E99754781968DF21006B602C /* GTLService.h */ = {isa = PBXFileReference; fileEncoding = 4; lastKnownFileType = sourcecode.c.h; path = GTLService.h; sourceTree = "<group>"; };
		E99754791968DF21006B602C /* GTLService.m */ = {isa = PBXFileReference; fileEncoding = 4; lastKnownFileType = sourcecode.c.objc; path = GTLService.m; sourceTree = "<group>"; };
		E997547A1968DF21006B602C /* GTLBatchResult.h */ = {isa = PBXFileReference; fileEncoding = 4; lastKnownFileType = sourcecode.c.h; path = GTLBatchResult.h; sourceTree = "<group>"; };
		E997547B1968DF21006B602C /* GTLBatchResult.m */ = {isa = PBXFileReference; fileEncoding = 4; lastKnownFileType = sourcecode.c.objc; path = GTLBatchResult.m; sourceTree = "<group>"; };
		E997547C1968DF21006B602C /* GTLUploadParameters.h */ = {isa = PBXFileReference; fileEncoding = 4; lastKnownFileType = sourcecode.c.h; path = GTLUploadParameters.h; sourceTree = "<group>"; };
		E997547D1968DF21006B602C /* GTLUploadParameters.m */ = {isa = PBXFileReference; fileEncoding = 4; lastKnownFileType = sourcecode.c.objc; path = GTLUploadParameters.m; sourceTree = "<group>"; };
		E997547E1968DF21006B602C /* GTLDateTime.h */ = {isa = PBXFileReference; fileEncoding = 4; lastKnownFileType = sourcecode.c.h; path = GTLDateTime.h; sourceTree = "<group>"; };
		E997547F1968DF21006B602C /* GTLDateTime.m */ = {isa = PBXFileReference; fileEncoding = 4; lastKnownFileType = sourcecode.c.objc; path = GTLDateTime.m; sourceTree = "<group>"; };
		E99754801968DF21006B602C /* GTLErrorObject.h */ = {isa = PBXFileReference; fileEncoding = 4; lastKnownFileType = sourcecode.c.h; path = GTLErrorObject.h; sourceTree = "<group>"; };
		E99754811968DF21006B602C /* GTLErrorObject.m */ = {isa = PBXFileReference; fileEncoding = 4; lastKnownFileType = sourcecode.c.objc; path = GTLErrorObject.m; sourceTree = "<group>"; };
		E99754821968DF21006B602C /* GTLRuntimeCommon.h */ = {isa = PBXFileReference; fileEncoding = 4; lastKnownFileType = sourcecode.c.h; path = GTLRuntimeCommon.h; sourceTree = "<group>"; };
		E99754831968DF21006B602C /* GTLRuntimeCommon.m */ = {isa = PBXFileReference; fileEncoding = 4; lastKnownFileType = sourcecode.c.objc; path = GTLRuntimeCommon.m; sourceTree = "<group>"; };
		E997548E1968DF3A006B602C /* GTLFramework.h */ = {isa = PBXFileReference; fileEncoding = 4; lastKnownFileType = sourcecode.c.h; path = GTLFramework.h; sourceTree = "<group>"; };
		E997548F1968DF3A006B602C /* GTLFramework.m */ = {isa = PBXFileReference; fileEncoding = 4; lastKnownFileType = sourcecode.c.objc; path = GTLFramework.m; sourceTree = "<group>"; };
		E99754901968DF3A006B602C /* GTLJSONParser.h */ = {isa = PBXFileReference; fileEncoding = 4; lastKnownFileType = sourcecode.c.h; path = GTLJSONParser.h; sourceTree = "<group>"; };
		E99754911968DF3A006B602C /* GTLJSONParser.m */ = {isa = PBXFileReference; fileEncoding = 4; lastKnownFileType = sourcecode.c.objc; path = GTLJSONParser.m; sourceTree = "<group>"; };
		E99754921968DF3A006B602C /* GTLTargetNamespace.h */ = {isa = PBXFileReference; fileEncoding = 4; lastKnownFileType = sourcecode.c.h; path = GTLTargetNamespace.h; sourceTree = "<group>"; };
		E99754931968DF3A006B602C /* GTLUtilities.h */ = {isa = PBXFileReference; fileEncoding = 4; lastKnownFileType = sourcecode.c.h; path = GTLUtilities.h; sourceTree = "<group>"; };
		E99754941968DF3A006B602C /* GTLUtilities.m */ = {isa = PBXFileReference; fileEncoding = 4; lastKnownFileType = sourcecode.c.objc; path = GTLUtilities.m; sourceTree = "<group>"; };
		E99754951968DF3A006B602C /* GTLBase64.h */ = {isa = PBXFileReference; fileEncoding = 4; lastKnownFileType = sourcecode.c.h; path = GTLBase64.h; sourceTree = "<group>"; };
		E99754961968DF3A006B602C /* GTLBase64.m */ = {isa = PBXFileReference; fileEncoding = 4; lastKnownFileType = sourcecode.c.objc; path = GTLBase64.m; sourceTree = "<group>"; };
		E997549C1968DF5D006B602C /* GTMHTTPFetcherService.h */ = {isa = PBXFileReference; fileEncoding = 4; lastKnownFileType = sourcecode.c.h; path = GTMHTTPFetcherService.h; sourceTree = "<group>"; };
		E997549D1968DF5D006B602C /* GTMHTTPFetcherService.m */ = {isa = PBXFileReference; fileEncoding = 4; lastKnownFileType = sourcecode.c.objc; path = GTMHTTPFetcherService.m; sourceTree = "<group>"; };
		E997549E1968DF5D006B602C /* GTMHTTPFetcher.h */ = {isa = PBXFileReference; fileEncoding = 4; lastKnownFileType = sourcecode.c.h; path = GTMHTTPFetcher.h; sourceTree = "<group>"; };
		E997549F1968DF5D006B602C /* GTMHTTPFetcher.m */ = {isa = PBXFileReference; fileEncoding = 4; lastKnownFileType = sourcecode.c.objc; path = GTMHTTPFetcher.m; sourceTree = "<group>"; };
		E99754A01968DF5D006B602C /* GTMHTTPFetcherLogging.h */ = {isa = PBXFileReference; fileEncoding = 4; lastKnownFileType = sourcecode.c.h; path = GTMHTTPFetcherLogging.h; sourceTree = "<group>"; };
		E99754A11968DF5D006B602C /* GTMHTTPFetcherLogging.m */ = {isa = PBXFileReference; fileEncoding = 4; lastKnownFileType = sourcecode.c.objc; path = GTMHTTPFetcherLogging.m; sourceTree = "<group>"; };
		E99754A21968DF5D006B602C /* GTMHTTPFetchHistory.h */ = {isa = PBXFileReference; fileEncoding = 4; lastKnownFileType = sourcecode.c.h; path = GTMHTTPFetchHistory.h; sourceTree = "<group>"; };
		E99754A31968DF5D006B602C /* GTMHTTPFetchHistory.m */ = {isa = PBXFileReference; fileEncoding = 4; lastKnownFileType = sourcecode.c.objc; path = GTMHTTPFetchHistory.m; sourceTree = "<group>"; };
		E99754A41968DF5D006B602C /* GTMHTTPUploadFetcher.h */ = {isa = PBXFileReference; fileEncoding = 4; lastKnownFileType = sourcecode.c.h; path = GTMHTTPUploadFetcher.h; sourceTree = "<group>"; };
		E99754A51968DF5D006B602C /* GTMHTTPUploadFetcher.m */ = {isa = PBXFileReference; fileEncoding = 4; lastKnownFileType = sourcecode.c.objc; path = GTMHTTPUploadFetcher.m; sourceTree = "<group>"; };
		E99754A61968DF5D006B602C /* GTMGatherInputStream.h */ = {isa = PBXFileReference; fileEncoding = 4; lastKnownFileType = sourcecode.c.h; path = GTMGatherInputStream.h; sourceTree = "<group>"; };
		E99754A71968DF5D006B602C /* GTMGatherInputStream.m */ = {isa = PBXFileReference; fileEncoding = 4; lastKnownFileType = sourcecode.c.objc; path = GTMGatherInputStream.m; sourceTree = "<group>"; };
		E99754A81968DF5D006B602C /* GTMMIMEDocument.h */ = {isa = PBXFileReference; fileEncoding = 4; lastKnownFileType = sourcecode.c.h; path = GTMMIMEDocument.h; sourceTree = "<group>"; };
		E99754A91968DF5D006B602C /* GTMMIMEDocument.m */ = {isa = PBXFileReference; fileEncoding = 4; lastKnownFileType = sourcecode.c.objc; path = GTMMIMEDocument.m; sourceTree = "<group>"; };
		E99754AA1968DF5D006B602C /* GTMReadMonitorInputStream.h */ = {isa = PBXFileReference; fileEncoding = 4; lastKnownFileType = sourcecode.c.h; path = GTMReadMonitorInputStream.h; sourceTree = "<group>"; };
		E99754AB1968DF5D006B602C /* GTMReadMonitorInputStream.m */ = {isa = PBXFileReference; fileEncoding = 4; lastKnownFileType = sourcecode.c.objc; path = GTMReadMonitorInputStream.m; sourceTree = "<group>"; };
		E99754B51968DF76006B602C /* GTMOAuth2Authentication.h */ = {isa = PBXFileReference; fileEncoding = 4; lastKnownFileType = sourcecode.c.h; path = GTMOAuth2Authentication.h; sourceTree = "<group>"; };
		E99754B61968DF76006B602C /* GTMOAuth2Authentication.m */ = {isa = PBXFileReference; fileEncoding = 4; lastKnownFileType = sourcecode.c.objc; path = GTMOAuth2Authentication.m; sourceTree = "<group>"; };
		E99754B71968DF76006B602C /* GTMOAuth2SignIn.h */ = {isa = PBXFileReference; fileEncoding = 4; lastKnownFileType = sourcecode.c.h; path = GTMOAuth2SignIn.h; sourceTree = "<group>"; };
		E99754B81968DF76006B602C /* GTMOAuth2SignIn.m */ = {isa = PBXFileReference; fileEncoding = 4; lastKnownFileType = sourcecode.c.objc; path = GTMOAuth2SignIn.m; sourceTree = "<group>"; };
		E99754BC1968DF85006B602C /* GTMOAuth2ViewControllerTouch.h */ = {isa = PBXFileReference; fileEncoding = 4; lastKnownFileType = sourcecode.c.h; path = GTMOAuth2ViewControllerTouch.h; sourceTree = "<group>"; };
		E99754BD1968DF85006B602C /* GTMOAuth2ViewControllerTouch.m */ = {isa = PBXFileReference; fileEncoding = 4; lastKnownFileType = sourcecode.c.objc; path = GTMOAuth2ViewControllerTouch.m; sourceTree = "<group>"; };
		E99754BE1968DF85006B602C /* GTMOAuth2ViewTouch.xib */ = {isa = PBXFileReference; fileEncoding = 4; lastKnownFileType = file.xib; path = GTMOAuth2ViewTouch.xib; sourceTree = "<group>"; };
		E99754C31968E118006B602C /* GTLQueryStatus.h */ = {isa = PBXFileReference; fileEncoding = 4; lastKnownFileType = sourcecode.c.h; path = GTLQueryStatus.h; sourceTree = "<group>"; };
		E99754C41968E118006B602C /* GTLQueryStatus.m */ = {isa = PBXFileReference; fileEncoding = 4; lastKnownFileType = sourcecode.c.objc; path = GTLQueryStatus.m; sourceTree = "<group>"; };
		E99754C51968E118006B602C /* GTLServiceStatus.h */ = {isa = PBXFileReference; fileEncoding = 4; lastKnownFileType = sourcecode.c.h; path = GTLServiceStatus.h; sourceTree = "<group>"; };
		E99754C61968E118006B602C /* GTLServiceStatus.m */ = {isa = PBXFileReference; fileEncoding = 4; lastKnownFileType = sourcecode.c.objc; path = GTLServiceStatus.m; sourceTree = "<group>"; };
		E99754C81968E118006B602C /* GTLStatus.h */ = {isa = PBXFileReference; fileEncoding = 4; lastKnownFileType = sourcecode.c.h; path = GTLStatus.h; sourceTree = "<group>"; };
		E99754C91968E118006B602C /* GTLStatusConstants.h */ = {isa = PBXFileReference; fileEncoding = 4; lastKnownFileType = sourcecode.c.h; path = GTLStatusConstants.h; sourceTree = "<group>"; };
		E99754CA1968E118006B602C /* GTLStatusConstants.m */ = {isa = PBXFileReference; fileEncoding = 4; lastKnownFileType = sourcecode.c.objc; path = GTLStatusConstants.m; sourceTree = "<group>"; };
		E99754CB1968E118006B602C /* GTLStatusStatus.h */ = {isa = PBXFileReference; fileEncoding = 4; lastKnownFileType = sourcecode.c.h; path = GTLStatusStatus.h; sourceTree = "<group>"; };
		E99754CC1968E118006B602C /* GTLStatusStatus.m */ = {isa = PBXFileReference; fileEncoding = 4; lastKnownFileType = sourcecode.c.objc; path = GTLStatusStatus.m; sourceTree = "<group>"; };
/* End PBXFileReference section */

/* Begin PBXFrameworksBuildPhase section */
		E97FF1131966EDFB004C6F09 /* Frameworks */ = {
			isa = PBXFrameworksBuildPhase;
			buildActionMask = 2147483647;
			files = (
				E9801C2C196EEAC00048C5E5 /* CoreData.framework in Frameworks */,
				E97FF11C1966EDFB004C6F09 /* CoreGraphics.framework in Frameworks */,
				E97FF11E1966EDFB004C6F09 /* UIKit.framework in Frameworks */,
				E97FF11A1966EDFB004C6F09 /* Foundation.framework in Frameworks */,
			);
			runOnlyForDeploymentPostprocessing = 0;
		};
		E97FF1341966EDFB004C6F09 /* Frameworks */ = {
			isa = PBXFrameworksBuildPhase;
			buildActionMask = 2147483647;
			files = (
				E97FF1391966EDFB004C6F09 /* XCTest.framework in Frameworks */,
				E97FF13B1966EDFB004C6F09 /* UIKit.framework in Frameworks */,
				E97FF13A1966EDFB004C6F09 /* Foundation.framework in Frameworks */,
			);
			runOnlyForDeploymentPostprocessing = 0;
		};
/* End PBXFrameworksBuildPhase section */

/* Begin PBXGroup section */
		E91B1F0F1972EA8400917090 /* Utility */ = {
			isa = PBXGroup;
			children = (
				E91B1F101972EAB600917090 /* STRDataManager.h */,
				E91B1F111972EAB600917090 /* STRDataManager.m */,
				E92783821978246300A57E93 /* STRAsyncImageDownloader.h */,
				E92783831978246300A57E93 /* STRAsyncImageDownloader.m */,
			);
			path = Utility;
			sourceTree = "<group>";
		};
		E97FF10D1966EDFB004C6F09 = {
			isa = PBXGroup;
			children = (
				E97FF11F1966EDFB004C6F09 /* Report */,
				E97FF13E1966EDFB004C6F09 /* ReportTests */,
				E97FF1181966EDFB004C6F09 /* Frameworks */,
				E97FF1171966EDFB004C6F09 /* Products */,
			);
			sourceTree = "<group>";
		};
		E97FF1171966EDFB004C6F09 /* Products */ = {
			isa = PBXGroup;
			children = (
				E97FF1161966EDFB004C6F09 /* Report.app */,
				E97FF1371966EDFB004C6F09 /* ReportTests.xctest */,
			);
			name = Products;
			sourceTree = "<group>";
		};
		E97FF1181966EDFB004C6F09 /* Frameworks */ = {
			isa = PBXGroup;
			children = (
				E9801C2B196EEAC00048C5E5 /* CoreData.framework */,
				E97FF1191966EDFB004C6F09 /* Foundation.framework */,
				E97FF11B1966EDFB004C6F09 /* CoreGraphics.framework */,
				E97FF11D1966EDFB004C6F09 /* UIKit.framework */,
				E97FF1381966EDFB004C6F09 /* XCTest.framework */,
			);
			name = Frameworks;
			sourceTree = "<group>";
		};
		E97FF11F1966EDFB004C6F09 /* Report */ = {
			isa = PBXGroup;
			children = (
				E9801C06196EE3950048C5E5 /* Entity */,
				E9801BF6196ED3A50048C5E5 /* ViewController */,
				E9801BF5196ED3990048C5E5 /* View */,
				E997546D1968DDDA006B602C /* Client */,
				E91B1F0F1972EA8400917090 /* Utility */,
				E98DC0651976769F00BB47B6 /* constants.h */,
				E97FF12B1966EDFB004C6F09 /* Main.storyboard */,
				E9801BFA196ED4A80048C5E5 /* Model.xcdatamodeld */,
				E97FF1311966EDFB004C6F09 /* Images.xcassets */,
				E97FF1201966EDFB004C6F09 /* Supporting Files */,
			);
			path = Report;
			sourceTree = "<group>";
		};
		E97FF1201966EDFB004C6F09 /* Supporting Files */ = {
			isa = PBXGroup;
			children = (
				E97FF1281966EDFB004C6F09 /* STRAppDelegate.h */,
				E97FF1291966EDFB004C6F09 /* STRAppDelegate.m */,
				E97FF1211966EDFB004C6F09 /* Report-Info.plist */,
				E97FF1221966EDFB004C6F09 /* InfoPlist.strings */,
				E97FF1251966EDFB004C6F09 /* main.m */,
				E97FF1271966EDFB004C6F09 /* Report-Prefix.pch */,
			);
			name = "Supporting Files";
			sourceTree = "<group>";
		};
		E97FF13E1966EDFB004C6F09 /* ReportTests */ = {
			isa = PBXGroup;
			children = (
				E97FF1441966EDFB004C6F09 /* ReportTests.m */,
				E97FF13F1966EDFB004C6F09 /* Supporting Files */,
			);
			path = ReportTests;
			sourceTree = "<group>";
		};
		E97FF13F1966EDFB004C6F09 /* Supporting Files */ = {
			isa = PBXGroup;
			children = (
				E97FF1401966EDFB004C6F09 /* ReportTests-Info.plist */,
				E97FF1411966EDFB004C6F09 /* InfoPlist.strings */,
			);
			name = "Supporting Files";
			sourceTree = "<group>";
		};
		E9801BF5196ED3990048C5E5 /* View */ = {
			isa = PBXGroup;
			children = (
				E96ED36B1970F3EE005F6011 /* STRReportTableViewCell.h */,
				E96ED36C1970F3EE005F6011 /* STRReportTableViewCell.m */,
			);
			path = View;
			sourceTree = "<group>";
		};
		E9801BF6196ED3A50048C5E5 /* ViewController */ = {
			isa = PBXGroup;
			children = (
				E97FF12E1966EDFB004C6F09 /* STRViewController.h */,
				E97FF12F1966EDFB004C6F09 /* STRViewController.m */,
				E9801BFD196EDACF0048C5E5 /* STRReportViewController.h */,
				E9801BFE196EDACF0048C5E5 /* STRReportViewController.m */,
				E9801C00196EDC7B0048C5E5 /* STREditArticleViewController.h */,
				E9801C01196EDC7B0048C5E5 /* STREditArticleViewController.m */,
				E9801C03196EDCD00048C5E5 /* STREditImagesViewController.h */,
				E9801C04196EDCD00048C5E5 /* STREditImagesViewController.m */,
				E979B8451970486500DD6637 /* STRReportTableViewController.h */,
				E979B8461970486500DD6637 /* STRReportTableViewController.m */,
			);
			path = ViewController;
			sourceTree = "<group>";
		};
		E9801C06196EE3950048C5E5 /* Entity */ = {
			isa = PBXGroup;
			children = (
				E98DC06219762F4000BB47B6 /* Report+Description.h */,
				E98DC06319762F4000BB47B6 /* Report+Description.m */,
				E93F796E19758800004D813A /* ReportImage.h */,
				E93F796F19758800004D813A /* ReportImage.m */,
				E95707521976872200C41CF5 /* entity.h */,
				E94F6910197ABF35000D1489 /* Report.h */,
				E94F6911197ABF35000D1489 /* Report.m */,
			);
			path = Entity;
			sourceTree = "<group>";
		};
		E997546D1968DDDA006B602C /* Client */ = {
			isa = PBXGroup;
			children = (
				E99754C11968E05F006B602C /* API */,
				E997546F1968DE71006B602C /* GTL */,
			);
			path = Client;
			sourceTree = "<group>";
		};
		E997546F1968DE71006B602C /* GTL */ = {
			isa = PBXGroup;
			children = (
				E99754711968DF09006B602C /* Objects */,
				E99754B41968DF68006B602C /* OAuth2 */,
				E997549B1968DF49006B602C /* HTTPFetcher */,
				E997548D1968DF29006B602C /* Utilities */,
				E99754701968DEDE006B602C /* GTLDefines.h */,
			);
			name = GTL;
			path = Report/Client/GTL;
			sourceTree = SOURCE_ROOT;
		};
		E99754711968DF09006B602C /* Objects */ = {
			isa = PBXGroup;
			children = (
				E99754721968DF21006B602C /* GTLObject.h */,
				E99754731968DF21006B602C /* GTLObject.m */,
				E99754741968DF21006B602C /* GTLQuery.h */,
				E99754751968DF21006B602C /* GTLQuery.m */,
				E99754761968DF21006B602C /* GTLBatchQuery.h */,
				E99754771968DF21006B602C /* GTLBatchQuery.m */,
				E99754781968DF21006B602C /* GTLService.h */,
				E99754791968DF21006B602C /* GTLService.m */,
				E997547A1968DF21006B602C /* GTLBatchResult.h */,
				E997547B1968DF21006B602C /* GTLBatchResult.m */,
				E997547C1968DF21006B602C /* GTLUploadParameters.h */,
				E997547D1968DF21006B602C /* GTLUploadParameters.m */,
				E997547E1968DF21006B602C /* GTLDateTime.h */,
				E997547F1968DF21006B602C /* GTLDateTime.m */,
				E99754801968DF21006B602C /* GTLErrorObject.h */,
				E99754811968DF21006B602C /* GTLErrorObject.m */,
				E99754821968DF21006B602C /* GTLRuntimeCommon.h */,
				E99754831968DF21006B602C /* GTLRuntimeCommon.m */,
			);
			name = Objects;
			sourceTree = "<group>";
		};
		E997548D1968DF29006B602C /* Utilities */ = {
			isa = PBXGroup;
			children = (
				E997548E1968DF3A006B602C /* GTLFramework.h */,
				E997548F1968DF3A006B602C /* GTLFramework.m */,
				E99754901968DF3A006B602C /* GTLJSONParser.h */,
				E99754911968DF3A006B602C /* GTLJSONParser.m */,
				E99754921968DF3A006B602C /* GTLTargetNamespace.h */,
				E99754931968DF3A006B602C /* GTLUtilities.h */,
				E99754941968DF3A006B602C /* GTLUtilities.m */,
				E99754951968DF3A006B602C /* GTLBase64.h */,
				E99754961968DF3A006B602C /* GTLBase64.m */,
			);
			name = Utilities;
			sourceTree = "<group>";
		};
		E997549B1968DF49006B602C /* HTTPFetcher */ = {
			isa = PBXGroup;
			children = (
				E997549C1968DF5D006B602C /* GTMHTTPFetcherService.h */,
				E997549D1968DF5D006B602C /* GTMHTTPFetcherService.m */,
				E997549E1968DF5D006B602C /* GTMHTTPFetcher.h */,
				E997549F1968DF5D006B602C /* GTMHTTPFetcher.m */,
				E99754A01968DF5D006B602C /* GTMHTTPFetcherLogging.h */,
				E99754A11968DF5D006B602C /* GTMHTTPFetcherLogging.m */,
				E99754A21968DF5D006B602C /* GTMHTTPFetchHistory.h */,
				E99754A31968DF5D006B602C /* GTMHTTPFetchHistory.m */,
				E99754A41968DF5D006B602C /* GTMHTTPUploadFetcher.h */,
				E99754A51968DF5D006B602C /* GTMHTTPUploadFetcher.m */,
				E99754A61968DF5D006B602C /* GTMGatherInputStream.h */,
				E99754A71968DF5D006B602C /* GTMGatherInputStream.m */,
				E99754A81968DF5D006B602C /* GTMMIMEDocument.h */,
				E99754A91968DF5D006B602C /* GTMMIMEDocument.m */,
				E99754AA1968DF5D006B602C /* GTMReadMonitorInputStream.h */,
				E99754AB1968DF5D006B602C /* GTMReadMonitorInputStream.m */,
			);
			name = HTTPFetcher;
			sourceTree = "<group>";
		};
		E99754B41968DF68006B602C /* OAuth2 */ = {
			isa = PBXGroup;
			children = (
				E99754BB1968DF7A006B602C /* Touch */,
				E99754B51968DF76006B602C /* GTMOAuth2Authentication.h */,
				E99754B61968DF76006B602C /* GTMOAuth2Authentication.m */,
				E99754B71968DF76006B602C /* GTMOAuth2SignIn.h */,
				E99754B81968DF76006B602C /* GTMOAuth2SignIn.m */,
			);
			name = OAuth2;
			sourceTree = "<group>";
		};
		E99754BB1968DF7A006B602C /* Touch */ = {
			isa = PBXGroup;
			children = (
				E99754BC1968DF85006B602C /* GTMOAuth2ViewControllerTouch.h */,
				E99754BD1968DF85006B602C /* GTMOAuth2ViewControllerTouch.m */,
				E99754BE1968DF85006B602C /* GTMOAuth2ViewTouch.xib */,
			);
			name = Touch;
			sourceTree = "<group>";
		};
		E99754C11968E05F006B602C /* API */ = {
			isa = PBXGroup;
			children = (
				E99754C21968E0F9006B602C /* status */,
			);
			path = API;
			sourceTree = "<group>";
		};
		E99754C21968E0F9006B602C /* status */ = {
			isa = PBXGroup;
			children = (
				E99754C31968E118006B602C /* GTLQueryStatus.h */,
				E99754C41968E118006B602C /* GTLQueryStatus.m */,
				E99754C51968E118006B602C /* GTLServiceStatus.h */,
				E99754C61968E118006B602C /* GTLServiceStatus.m */,
				E99754C81968E118006B602C /* GTLStatus.h */,
				E99754C91968E118006B602C /* GTLStatusConstants.h */,
				E99754CA1968E118006B602C /* GTLStatusConstants.m */,
				E99754CB1968E118006B602C /* GTLStatusStatus.h */,
				E99754CC1968E118006B602C /* GTLStatusStatus.m */,
			);
			path = status;
			sourceTree = "<group>";
		};
/* End PBXGroup section */

/* Begin PBXNativeTarget section */
		E97FF1151966EDFB004C6F09 /* Report */ = {
			isa = PBXNativeTarget;
			buildConfigurationList = E97FF1481966EDFB004C6F09 /* Build configuration list for PBXNativeTarget "Report" */;
			buildPhases = (
				E97FF1121966EDFB004C6F09 /* Sources */,
				E97FF1131966EDFB004C6F09 /* Frameworks */,
				E97FF1141966EDFB004C6F09 /* Resources */,
			);
			buildRules = (
			);
			dependencies = (
			);
			name = Report;
			productName = Report;
			productReference = E97FF1161966EDFB004C6F09 /* Report.app */;
			productType = "com.apple.product-type.application";
		};
		E97FF1361966EDFB004C6F09 /* ReportTests */ = {
			isa = PBXNativeTarget;
			buildConfigurationList = E97FF14B1966EDFB004C6F09 /* Build configuration list for PBXNativeTarget "ReportTests" */;
			buildPhases = (
				E97FF1331966EDFB004C6F09 /* Sources */,
				E97FF1341966EDFB004C6F09 /* Frameworks */,
				E97FF1351966EDFB004C6F09 /* Resources */,
			);
			buildRules = (
			);
			dependencies = (
				E97FF13D1966EDFB004C6F09 /* PBXTargetDependency */,
			);
			name = ReportTests;
			productName = ReportTests;
			productReference = E97FF1371966EDFB004C6F09 /* ReportTests.xctest */;
			productType = "com.apple.product-type.bundle.unit-test";
		};
/* End PBXNativeTarget section */

/* Begin PBXProject section */
		E97FF10E1966EDFB004C6F09 /* Project object */ = {
			isa = PBXProject;
			attributes = {
				CLASSPREFIX = STR;
				LastUpgradeCheck = 0510;
				ORGANIZATIONNAME = "Secret Transaction Inc.";
				TargetAttributes = {
					E97FF1361966EDFB004C6F09 = {
						TestTargetID = E97FF1151966EDFB004C6F09;
					};
				};
			};
			buildConfigurationList = E97FF1111966EDFB004C6F09 /* Build configuration list for PBXProject "Report" */;
			compatibilityVersion = "Xcode 3.2";
			developmentRegion = English;
			hasScannedForEncodings = 0;
			knownRegions = (
				en,
				Base,
			);
			mainGroup = E97FF10D1966EDFB004C6F09;
			productRefGroup = E97FF1171966EDFB004C6F09 /* Products */;
			projectDirPath = "";
			projectRoot = "";
			targets = (
				E97FF1151966EDFB004C6F09 /* Report */,
				E97FF1361966EDFB004C6F09 /* ReportTests */,
			);
		};
/* End PBXProject section */

/* Begin PBXResourcesBuildPhase section */
		E97FF1141966EDFB004C6F09 /* Resources */ = {
			isa = PBXResourcesBuildPhase;
			buildActionMask = 2147483647;
			files = (
				E99754C01968DF85006B602C /* GTMOAuth2ViewTouch.xib in Resources */,
				E97FF1321966EDFB004C6F09 /* Images.xcassets in Resources */,
				E97FF1241966EDFB004C6F09 /* InfoPlist.strings in Resources */,
				E97FF12D1966EDFB004C6F09 /* Main.storyboard in Resources */,
			);
			runOnlyForDeploymentPostprocessing = 0;
		};
		E97FF1351966EDFB004C6F09 /* Resources */ = {
			isa = PBXResourcesBuildPhase;
			buildActionMask = 2147483647;
			files = (
				E97FF1431966EDFB004C6F09 /* InfoPlist.strings in Resources */,
			);
			runOnlyForDeploymentPostprocessing = 0;
		};
/* End PBXResourcesBuildPhase section */

/* Begin PBXSourcesBuildPhase section */
		E97FF1121966EDFB004C6F09 /* Sources */ = {
			isa = PBXSourcesBuildPhase;
			buildActionMask = 2147483647;
			files = (
				E99754CD1968E118006B602C /* GTLQueryStatus.m in Sources */,
				E99754891968DF21006B602C /* GTLUploadParameters.m in Sources */,
				E99754B01968DF5D006B602C /* GTMHTTPUploadFetcher.m in Sources */,
				E997548C1968DF21006B602C /* GTLRuntimeCommon.m in Sources */,
				E997549A1968DF3A006B602C /* GTLBase64.m in Sources */,
				E9801BFF196EDACF0048C5E5 /* STRReportViewController.m in Sources */,
				E99754D01968E118006B602C /* GTLStatusConstants.m in Sources */,
				E91B1F121972EAB600917090 /* STRDataManager.m in Sources */,
				E99754841968DF21006B602C /* GTLObject.m in Sources */,
				E997548B1968DF21006B602C /* GTLErrorObject.m in Sources */,
				E99754871968DF21006B602C /* GTLService.m in Sources */,
				E9801C05196EDCD00048C5E5 /* STREditImagesViewController.m in Sources */,
				E99754861968DF21006B602C /* GTLBatchQuery.m in Sources */,
				E99754B11968DF5D006B602C /* GTMGatherInputStream.m in Sources */,
				E96ED36D1970F3EE005F6011 /* STRReportTableViewCell.m in Sources */,
				E94F6912197ABF35000D1489 /* Report.m in Sources */,
				E92783841978246300A57E93 /* STRAsyncImageDownloader.m in Sources */,
				E93F797019758800004D813A /* ReportImage.m in Sources */,
				E997548A1968DF21006B602C /* GTLDateTime.m in Sources */,
				E99754971968DF3A006B602C /* GTLFramework.m in Sources */,
				E99754991968DF3A006B602C /* GTLUtilities.m in Sources */,
				E99754CE1968E118006B602C /* GTLServiceStatus.m in Sources */,
				E99754981968DF3A006B602C /* GTLJSONParser.m in Sources */,
				E99754881968DF21006B602C /* GTLBatchResult.m in Sources */,
				E99754B31968DF5D006B602C /* GTMReadMonitorInputStream.m in Sources */,
				E99754BF1968DF85006B602C /* GTMOAuth2ViewControllerTouch.m in Sources */,
				E99754BA1968DF76006B602C /* GTMOAuth2SignIn.m in Sources */,
				E99754AF1968DF5D006B602C /* GTMHTTPFetchHistory.m in Sources */,
				E99754AD1968DF5D006B602C /* GTMHTTPFetcher.m in Sources */,
				E9801C02196EDC7B0048C5E5 /* STREditArticleViewController.m in Sources */,
				E99754851968DF21006B602C /* GTLQuery.m in Sources */,
				E99754B21968DF5D006B602C /* GTMMIMEDocument.m in Sources */,
				E97FF12A1966EDFB004C6F09 /* STRAppDelegate.m in Sources */,
				E97FF1301966EDFB004C6F09 /* STRViewController.m in Sources */,
				E99754D11968E118006B602C /* GTLStatusStatus.m in Sources */,
				E9801BFC196ED4A80048C5E5 /* Model.xcdatamodeld in Sources */,
				E979B8471970486500DD6637 /* STRReportTableViewController.m in Sources */,
				E97FF1261966EDFB004C6F09 /* main.m in Sources */,
				E99754B91968DF76006B602C /* GTMOAuth2Authentication.m in Sources */,
				E98DC06419762F4000BB47B6 /* Report+Description.m in Sources */,
				E99754AE1968DF5D006B602C /* GTMHTTPFetcherLogging.m in Sources */,
				E99754AC1968DF5D006B602C /* GTMHTTPFetcherService.m in Sources */,
			);
			runOnlyForDeploymentPostprocessing = 0;
		};
		E97FF1331966EDFB004C6F09 /* Sources */ = {
			isa = PBXSourcesBuildPhase;
			buildActionMask = 2147483647;
			files = (
				E97FF1451966EDFB004C6F09 /* ReportTests.m in Sources */,
			);
			runOnlyForDeploymentPostprocessing = 0;
		};
/* End PBXSourcesBuildPhase section */

/* Begin PBXTargetDependency section */
		E97FF13D1966EDFB004C6F09 /* PBXTargetDependency */ = {
			isa = PBXTargetDependency;
			target = E97FF1151966EDFB004C6F09 /* Report */;
			targetProxy = E97FF13C1966EDFB004C6F09 /* PBXContainerItemProxy */;
		};
/* End PBXTargetDependency section */

/* Begin PBXVariantGroup section */
		E97FF1221966EDFB004C6F09 /* InfoPlist.strings */ = {
			isa = PBXVariantGroup;
			children = (
				E97FF1231966EDFB004C6F09 /* en */,
			);
			name = InfoPlist.strings;
			sourceTree = "<group>";
		};
		E97FF12B1966EDFB004C6F09 /* Main.storyboard */ = {
			isa = PBXVariantGroup;
			children = (
				E97FF12C1966EDFB004C6F09 /* Base */,
			);
			name = Main.storyboard;
			sourceTree = "<group>";
		};
		E97FF1411966EDFB004C6F09 /* InfoPlist.strings */ = {
			isa = PBXVariantGroup;
			children = (
				E97FF1421966EDFB004C6F09 /* en */,
			);
			name = InfoPlist.strings;
			sourceTree = "<group>";
		};
/* End PBXVariantGroup section */

/* Begin XCBuildConfiguration section */
		E97FF1461966EDFB004C6F09 /* Debug */ = {
			isa = XCBuildConfiguration;
			buildSettings = {
				ALWAYS_SEARCH_USER_PATHS = NO;
				CLANG_CXX_LANGUAGE_STANDARD = "gnu++0x";
				CLANG_CXX_LIBRARY = "libc++";
				CLANG_ENABLE_MODULES = YES;
				CLANG_ENABLE_OBJC_ARC = YES;
				CLANG_WARN_BOOL_CONVERSION = YES;
				CLANG_WARN_CONSTANT_CONVERSION = YES;
				CLANG_WARN_DIRECT_OBJC_ISA_USAGE = YES_ERROR;
				CLANG_WARN_EMPTY_BODY = YES;
				CLANG_WARN_ENUM_CONVERSION = YES;
				CLANG_WARN_INT_CONVERSION = YES;
				CLANG_WARN_OBJC_ROOT_CLASS = YES_ERROR;
				CLANG_WARN__DUPLICATE_METHOD_MATCH = YES;
				"CODE_SIGN_IDENTITY[sdk=iphoneos*]" = "iPhone Developer";
				COPY_PHASE_STRIP = NO;
				GCC_C_LANGUAGE_STANDARD = gnu99;
				GCC_DYNAMIC_NO_PIC = NO;
				GCC_OPTIMIZATION_LEVEL = 0;
				GCC_PREPROCESSOR_DEFINITIONS = (
					"DEBUG=1",
					"$(inherited)",
				);
				GCC_SYMBOLS_PRIVATE_EXTERN = NO;
				GCC_WARN_64_TO_32_BIT_CONVERSION = YES;
				GCC_WARN_ABOUT_RETURN_TYPE = YES_ERROR;
				GCC_WARN_UNDECLARED_SELECTOR = YES;
				GCC_WARN_UNINITIALIZED_AUTOS = YES_AGGRESSIVE;
				GCC_WARN_UNUSED_FUNCTION = YES;
				GCC_WARN_UNUSED_VARIABLE = YES;
				IPHONEOS_DEPLOYMENT_TARGET = 7.1;
				ONLY_ACTIVE_ARCH = YES;
				SDKROOT = iphoneos;
			};
			name = Debug;
		};
		E97FF1471966EDFB004C6F09 /* Release */ = {
			isa = XCBuildConfiguration;
			buildSettings = {
				ALWAYS_SEARCH_USER_PATHS = NO;
				CLANG_CXX_LANGUAGE_STANDARD = "gnu++0x";
				CLANG_CXX_LIBRARY = "libc++";
				CLANG_ENABLE_MODULES = YES;
				CLANG_ENABLE_OBJC_ARC = YES;
				CLANG_WARN_BOOL_CONVERSION = YES;
				CLANG_WARN_CONSTANT_CONVERSION = YES;
				CLANG_WARN_DIRECT_OBJC_ISA_USAGE = YES_ERROR;
				CLANG_WARN_EMPTY_BODY = YES;
				CLANG_WARN_ENUM_CONVERSION = YES;
				CLANG_WARN_INT_CONVERSION = YES;
				CLANG_WARN_OBJC_ROOT_CLASS = YES_ERROR;
				CLANG_WARN__DUPLICATE_METHOD_MATCH = YES;
				"CODE_SIGN_IDENTITY[sdk=iphoneos*]" = "iPhone Developer";
				COPY_PHASE_STRIP = YES;
				ENABLE_NS_ASSERTIONS = NO;
				GCC_C_LANGUAGE_STANDARD = gnu99;
				GCC_WARN_64_TO_32_BIT_CONVERSION = YES;
				GCC_WARN_ABOUT_RETURN_TYPE = YES_ERROR;
				GCC_WARN_UNDECLARED_SELECTOR = YES;
				GCC_WARN_UNINITIALIZED_AUTOS = YES_AGGRESSIVE;
				GCC_WARN_UNUSED_FUNCTION = YES;
				GCC_WARN_UNUSED_VARIABLE = YES;
				IPHONEOS_DEPLOYMENT_TARGET = 7.1;
				SDKROOT = iphoneos;
				VALIDATE_PRODUCT = YES;
			};
			name = Release;
		};
		E97FF1491966EDFB004C6F09 /* Debug */ = {
			isa = XCBuildConfiguration;
			buildSettings = {
				ASSETCATALOG_COMPILER_APPICON_NAME = AppIcon;
				ASSETCATALOG_COMPILER_LAUNCHIMAGE_NAME = LaunchImage;
				CODE_SIGN_IDENTITY = "iPhone Developer";
				GCC_PRECOMPILE_PREFIX_HEADER = YES;
				GCC_PREFIX_HEADER = "Report/Report-Prefix.pch";
				INFOPLIST_FILE = "Report/Report-Info.plist";
				IPHONEOS_DEPLOYMENT_TARGET = 7.1;
				PRODUCT_NAME = "$(TARGET_NAME)";
				WRAPPER_EXTENSION = app;
			};
			name = Debug;
		};
		E97FF14A1966EDFB004C6F09 /* Release */ = {
			isa = XCBuildConfiguration;
			buildSettings = {
				ASSETCATALOG_COMPILER_APPICON_NAME = AppIcon;
				ASSETCATALOG_COMPILER_LAUNCHIMAGE_NAME = LaunchImage;
				CODE_SIGN_IDENTITY = "iPhone Developer";
				GCC_PRECOMPILE_PREFIX_HEADER = YES;
				GCC_PREFIX_HEADER = "Report/Report-Prefix.pch";
				INFOPLIST_FILE = "Report/Report-Info.plist";
				IPHONEOS_DEPLOYMENT_TARGET = 7.1;
				PRODUCT_NAME = "$(TARGET_NAME)";
				WRAPPER_EXTENSION = app;
			};
			name = Release;
		};
		E97FF14C1966EDFB004C6F09 /* Debug */ = {
			isa = XCBuildConfiguration;
			buildSettings = {
				BUNDLE_LOADER = "$(BUILT_PRODUCTS_DIR)/Report.app/Report";
				FRAMEWORK_SEARCH_PATHS = (
					"$(SDKROOT)/Developer/Library/Frameworks",
					"$(inherited)",
					"$(DEVELOPER_FRAMEWORKS_DIR)",
				);
				GCC_PRECOMPILE_PREFIX_HEADER = YES;
				GCC_PREFIX_HEADER = "Report/Report-Prefix.pch";
				GCC_PREPROCESSOR_DEFINITIONS = (
					"DEBUG=1",
					"$(inherited)",
				);
				INFOPLIST_FILE = "ReportTests/ReportTests-Info.plist";
				PRODUCT_NAME = "$(TARGET_NAME)";
				TEST_HOST = "$(BUNDLE_LOADER)";
				WRAPPER_EXTENSION = xctest;
			};
			name = Debug;
		};
		E97FF14D1966EDFB004C6F09 /* Release */ = {
			isa = XCBuildConfiguration;
			buildSettings = {
				BUNDLE_LOADER = "$(BUILT_PRODUCTS_DIR)/Report.app/Report";
				FRAMEWORK_SEARCH_PATHS = (
					"$(SDKROOT)/Developer/Library/Frameworks",
					"$(inherited)",
					"$(DEVELOPER_FRAMEWORKS_DIR)",
				);
				GCC_PRECOMPILE_PREFIX_HEADER = YES;
				GCC_PREFIX_HEADER = "Report/Report-Prefix.pch";
				INFOPLIST_FILE = "ReportTests/ReportTests-Info.plist";
				PRODUCT_NAME = "$(TARGET_NAME)";
				TEST_HOST = "$(BUNDLE_LOADER)";
				WRAPPER_EXTENSION = xctest;
			};
			name = Release;
		};
/* End XCBuildConfiguration section */

/* Begin XCConfigurationList section */
		E97FF1111966EDFB004C6F09 /* Build configuration list for PBXProject "Report" */ = {
			isa = XCConfigurationList;
			buildConfigurations = (
				E97FF1461966EDFB004C6F09 /* Debug */,
				E97FF1471966EDFB004C6F09 /* Release */,
			);
			defaultConfigurationIsVisible = 0;
			defaultConfigurationName = Release;
		};
		E97FF1481966EDFB004C6F09 /* Build configuration list for PBXNativeTarget "Report" */ = {
			isa = XCConfigurationList;
			buildConfigurations = (
				E97FF1491966EDFB004C6F09 /* Debug */,
				E97FF14A1966EDFB004C6F09 /* Release */,
			);
			defaultConfigurationIsVisible = 0;
			defaultConfigurationName = Release;
		};
		E97FF14B1966EDFB004C6F09 /* Build configuration list for PBXNativeTarget "ReportTests" */ = {
			isa = XCConfigurationList;
			buildConfigurations = (
				E97FF14C1966EDFB004C6F09 /* Debug */,
				E97FF14D1966EDFB004C6F09 /* Release */,
			);
			defaultConfigurationIsVisible = 0;
			defaultConfigurationName = Release;
		};
/* End XCConfigurationList section */

/* Begin XCVersionGroup section */
		E9801BFA196ED4A80048C5E5 /* Model.xcdatamodeld */ = {
			isa = XCVersionGroup;
			children = (
				E9801BFB196ED4A80048C5E5 /* Model.xcdatamodel */,
			);
			currentVersion = E9801BFB196ED4A80048C5E5 /* Model.xcdatamodel */;
			path = Model.xcdatamodeld;
			sourceTree = "<group>";
			versionGroupType = wrapper.xcdatamodel;
		};
/* End XCVersionGroup section */
	};
	rootObject = E97FF10E1966EDFB004C6F09 /* Project object */;
}
